
Microsoft Visual Studio Solution File, Format Version 12.00
# Visual Studio Version 16
VisualStudioVersion = 16.0.32228.343
MinimumVisualStudioVersion = 10.0.40219.1
Project("{FAE04EC0-301F-11D3-BF4B-00C04F79EFBC}") = "HvsM_Con", "HvsM_Con\HvsM_Con.csproj", "{AD1564B8-B56E-45EC-8808-8000D070177E}"
EndProject
Project("{FAE04EC0-301F-11D3-BF4B-00C04F79EFBC}") = "HeroesVsMonster", "HeroesVsMonster\HeroesVsMonster.csproj", "{2EC623B2-DF8B-4A68-ACD5-577FEC48E9BB}"
EndProject
Project("{FAE04EC0-301F-11D3-BF4B-00C04F79EFBC}") = "HeroesVsMonster.BLL", "HeroesVsMonster.BLL\HeroesVsMonster.BLL.csproj", "{A620104F-C018-47E8-A870-3A23BE34EA85}"
EndProject
Global
	GlobalSection(SolutionConfigurationPlatforms) = preSolution
		Debug|Any CPU = Debug|Any CPU
		Release|Any CPU = Release|Any CPU
	EndGlobalSection
	GlobalSection(ProjectConfigurationPlatforms) = postSolution
		{AD1564B8-B56E-45EC-8808-8000D070177E}.Debug|Any CPU.ActiveCfg = Debug|Any CPU
		{AD1564B8-B56E-45EC-8808-8000D070177E}.Debug|Any CPU.Build.0 = Debug|Any CPU
		{AD1564B8-B56E-45EC-8808-8000D070177E}.Release|Any CPU.ActiveCfg = Release|Any CPU
		{AD1564B8-B56E-45EC-8808-8000D070177E}.Release|Any CPU.Build.0 = Release|Any CPU
		{2EC623B2-DF8B-4A68-ACD5-577FEC48E9BB}.Debug|Any CPU.ActiveCfg = Debug|Any CPU
		{2EC623B2-DF8B-4A68-ACD5-577FEC48E9BB}.Debug|Any CPU.Build.0 = Debug|Any CPU
		{2EC623B2-DF8B-4A68-ACD5-577FEC48E9BB}.Release|Any CPU.ActiveCfg = Release|Any CPU
		{2EC623B2-DF8B-4A68-ACD5-577FEC48E9BB}.Release|Any CPU.Build.0 = Release|Any CPU
		{A620104F-C018-47E8-A870-3A23BE34EA85}.Debug|Any CPU.ActiveCfg = Debug|Any CPU
		{A620104F-C018-47E8-A870-3A23BE34EA85}.Debug|Any CPU.Build.0 = Debug|Any CPU
		{A620104F-C018-47E8-A870-3A23BE34EA85}.Release|Any CPU.ActiveCfg = Release|Any CPU
		{A620104F-C018-47E8-A870-3A23BE34EA85}.Release|Any CPU.Build.0 = Release|Any CPU
	EndGlobalSection
	GlobalSection(SolutionProperties) = preSolution
		HideSolutionNode = FALSE
	EndGlobalSection
	GlobalSection(ExtensibilityGlobals) = postSolution
		SolutionGuid = {87BEF051-5BA9-470A-83A6-E06C08BF5F2D}
	EndGlobalSection
EndGlobal
